// !$*UTF8*$!
{
	archiveVersion = 1;
	classes = {
	};
	objectVersion = 56;
	objects = {

/* Begin PBXBuildFile section */
		4C05C2062A3DCB2C002955FC /* About.swift in Sources */ = {isa = PBXBuildFile; fileRef = 4C05C2052A3DCB2C002955FC /* About.swift */; };
		4C05C2082A3DCB45002955FC /* PrivacyPolicy.swift in Sources */ = {isa = PBXBuildFile; fileRef = 4C05C2072A3DCB45002955FC /* PrivacyPolicy.swift */; };
		4C1564C328CD27230017C1AE /* AkvaApp.swift in Sources */ = {isa = PBXBuildFile; fileRef = 4C1564C228CD27230017C1AE /* AkvaApp.swift */; };
		4C1564C528CD27230017C1AE /* ContentView.swift in Sources */ = {isa = PBXBuildFile; fileRef = 4C1564C428CD27230017C1AE /* ContentView.swift */; };
		4C1564C728CD27240017C1AE /* Assets.xcassets in Resources */ = {isa = PBXBuildFile; fileRef = 4C1564C628CD27240017C1AE /* Assets.xcassets */; };
		4C2854962A32752D00971889 /* DiateryWaterData in Frameworks */ = {isa = PBXBuildFile; productRef = 4C2854952A32752D00971889 /* DiateryWaterData */; };
		4C2854982A346F9C00971889 /* OnboardingFlow.swift in Sources */ = {isa = PBXBuildFile; fileRef = 4C2854972A346F9C00971889 /* OnboardingFlow.swift */; };
		4C28549B2A3474AF00971889 /* Keys.swift in Sources */ = {isa = PBXBuildFile; fileRef = 4C28549A2A3474AF00971889 /* Keys.swift */; };
		4C28549E2A347C1300971889 /* Welcome.swift in Sources */ = {isa = PBXBuildFile; fileRef = 4C28549D2A347C1300971889 /* Welcome.swift */; };
		4C2854A02A34B4BF00971889 /* Settings.swift in Sources */ = {isa = PBXBuildFile; fileRef = 4C28549F2A34B4BF00971889 /* Settings.swift */; };
		4C2854A32A34BA8800971889 /* CodableArray+RawRepresentable.swift in Sources */ = {isa = PBXBuildFile; fileRef = 4C2854A22A34BA8800971889 /* CodableArray+RawRepresentable.swift */; };
		4C2854A72A35037C00971889 /* AppScreen.swift in Sources */ = {isa = PBXBuildFile; fileRef = 4C2854A62A35037C00971889 /* AppScreen.swift */; };
		4C2854A92A35056D00971889 /* AppTabView.swift in Sources */ = {isa = PBXBuildFile; fileRef = 4C2854A82A35056D00971889 /* AppTabView.swift */; };
		4C2854AC2A35069500971889 /* TodayNavigationStack.swift in Sources */ = {isa = PBXBuildFile; fileRef = 4C2854AB2A35069500971889 /* TodayNavigationStack.swift */; };
		4C2854AE2A3507CF00971889 /* RegisterWaterIntake.swift in Sources */ = {isa = PBXBuildFile; fileRef = 4C2854AD2A3507CF00971889 /* RegisterWaterIntake.swift */; };
		4C2854B12A350A4000971889 /* HistoryNavigationStack.swift in Sources */ = {isa = PBXBuildFile; fileRef = 4C2854B02A350A4000971889 /* HistoryNavigationStack.swift */; };
		4C2854B42A350B3600971889 /* SettingsNavigationStack.swift in Sources */ = {isa = PBXBuildFile; fileRef = 4C2854B32A350B3600971889 /* SettingsNavigationStack.swift */; };
		4C2854B72A350BC600971889 /* PrefersTabNavigationEnvironmentKey.swift in Sources */ = {isa = PBXBuildFile; fileRef = 4C2854B62A350BC600971889 /* PrefersTabNavigationEnvironmentKey.swift */; };
		4C2854B92A350C3000971889 /* AppSidebarList.swift in Sources */ = {isa = PBXBuildFile; fileRef = 4C2854B82A350C3000971889 /* AppSidebarList.swift */; };
		4C2854BB2A350C3900971889 /* AppDetailColumn.swift in Sources */ = {isa = PBXBuildFile; fileRef = 4C2854BA2A350C3900971889 /* AppDetailColumn.swift */; };
		4C2854BD2A35103500971889 /* Today.swift in Sources */ = {isa = PBXBuildFile; fileRef = 4C2854BC2A35103500971889 /* Today.swift */; };
		4C2854BF2A35115000971889 /* History.swift in Sources */ = {isa = PBXBuildFile; fileRef = 4C2854BE2A35115000971889 /* History.swift */; };
		4C2854C12A35124A00971889 /* SettingsView.swift in Sources */ = {isa = PBXBuildFile; fileRef = 4C2854C02A35124A00971889 /* SettingsView.swift */; };
		4C2854C32A3631FF00971889 /* Onboarding.swift in Sources */ = {isa = PBXBuildFile; fileRef = 4C2854C22A3631FF00971889 /* Onboarding.swift */; };
		4C354BCB28ECC26700AE37D0 /* WidgetKit.framework in Frameworks */ = {isa = PBXBuildFile; fileRef = 4C354BB228EC081400AE37D0 /* WidgetKit.framework */; };
		4C354BCC28ECC26700AE37D0 /* SwiftUI.framework in Frameworks */ = {isa = PBXBuildFile; fileRef = 4C354BB428EC081400AE37D0 /* SwiftUI.framework */; };
		4C354BCF28ECC26700AE37D0 /* AkvaWidget.swift in Sources */ = {isa = PBXBuildFile; fileRef = 4C354BCE28ECC26700AE37D0 /* AkvaWidget.swift */; };
		4C354BD128ECC26800AE37D0 /* Assets.xcassets in Resources */ = {isa = PBXBuildFile; fileRef = 4C354BD028ECC26800AE37D0 /* Assets.xcassets */; };
		4C4819A52A3A55F000DA0E5D /* DiateryWaterData in Frameworks */ = {isa = PBXBuildFile; productRef = 4C4819A42A3A55F000DA0E5D /* DiateryWaterData */; };
		4C4819AC2A3A5AC700DA0E5D /* AkvaWatchApp.swift in Sources */ = {isa = PBXBuildFile; fileRef = 4C4819AB2A3A5AC700DA0E5D /* AkvaWatchApp.swift */; };
		4C4819AE2A3A672A00DA0E5D /* Overview.swift in Sources */ = {isa = PBXBuildFile; fileRef = 4C4819AD2A3A672A00DA0E5D /* Overview.swift */; };
		4C4819B02A3ADAC500DA0E5D /* RegisterHydration.swift in Sources */ = {isa = PBXBuildFile; fileRef = 4C4819AF2A3ADAC500DA0E5D /* RegisterHydration.swift */; };
		4C589A0B28E4DC8C00E14BE8 /* StatsView.swift in Sources */ = {isa = PBXBuildFile; fileRef = 4C589A0A28E4DC8C00E14BE8 /* StatsView.swift */; };
		4C589A0D28E6B5C300E14BE8 /* WarningsView.swift in Sources */ = {isa = PBXBuildFile; fileRef = 4C589A0C28E6B5C300E14BE8 /* WarningsView.swift */; };
		4C589A1028E84D6700E14BE8 /* HealthPermissionRequest.swift in Sources */ = {isa = PBXBuildFile; fileRef = 4C589A0F28E84D6700E14BE8 /* HealthPermissionRequest.swift */; };
		4C71421F28F1E56600118584 /* NotificationPermissionRequest.swift in Sources */ = {isa = PBXBuildFile; fileRef = 4C71421E28F1E56600118584 /* NotificationPermissionRequest.swift */; };
		4C768E8E2A3CF9D7000D21CC /* DiateryWaterData in Frameworks */ = {isa = PBXBuildFile; productRef = 4C768E8D2A3CF9D7000D21CC /* DiateryWaterData */; };
		4C768E902A3CFA68000D21CC /* WidgetsBundle.swift in Sources */ = {isa = PBXBuildFile; fileRef = 4C768E8F2A3CFA68000D21CC /* WidgetsBundle.swift */; };
		4C768E942A3D00EB000D21CC /* AkvaSnapshotTimelineProvider.swift in Sources */ = {isa = PBXBuildFile; fileRef = 4C768E932A3D00EB000D21CC /* AkvaSnapshotTimelineProvider.swift */; };
		4C768E962A3D01FC000D21CC /* AkvaWidgetView.swift in Sources */ = {isa = PBXBuildFile; fileRef = 4C768E952A3D01FC000D21CC /* AkvaWidgetView.swift */; };
		4C768E982A3D1E5B000D21CC /* CircularProgressBar.swift in Sources */ = {isa = PBXBuildFile; fileRef = 4C768E972A3D1E5B000D21CC /* CircularProgressBar.swift */; };
		4C8351252A3B8E3000F6ED57 /* CircularProgressBar.swift in Sources */ = {isa = PBXBuildFile; fileRef = 4C8351242A3B8E3000F6ED57 /* CircularProgressBar.swift */; };
		4C8351272A3B93D000F6ED57 /* Details.swift in Sources */ = {isa = PBXBuildFile; fileRef = 4C8351262A3B93D000F6ED57 /* Details.swift */; };
		4C8D91E62A4B60540032E2B2 /* Keys.swift in Sources */ = {isa = PBXBuildFile; fileRef = 4C28549A2A3474AF00971889 /* Keys.swift */; };
		4C9878C52A478B4100B25DC2 /* WidgetKit.framework in Frameworks */ = {isa = PBXBuildFile; fileRef = 4C354BB228EC081400AE37D0 /* WidgetKit.framework */; };
		4C9878C62A478B4100B25DC2 /* SwiftUI.framework in Frameworks */ = {isa = PBXBuildFile; fileRef = 4C354BB428EC081400AE37D0 /* SwiftUI.framework */; };
		4C9878C92A478B4100B25DC2 /* WatchWidgets.swift in Sources */ = {isa = PBXBuildFile; fileRef = 4C9878C82A478B4100B25DC2 /* WatchWidgets.swift */; };
		4C9878CB2A478B4300B25DC2 /* Assets.xcassets in Resources */ = {isa = PBXBuildFile; fileRef = 4C9878CA2A478B4300B25DC2 /* Assets.xcassets */; };
		4C9878CF2A478B4300B25DC2 /* WatchWidgetsExtension.appex in Embed Foundation Extensions */ = {isa = PBXBuildFile; fileRef = 4C9878C42A478B4100B25DC2 /* WatchWidgetsExtension.appex */; settings = {ATTRIBUTES = (RemoveHeadersOnCopy, ); }; };
		4C9878D42A478BC100B25DC2 /* DiateryWaterData in Frameworks */ = {isa = PBXBuildFile; productRef = 4C9878D32A478BC100B25DC2 /* DiateryWaterData */; };
		4C9878D52A478C0400B25DC2 /* AkvaWidget.swift in Sources */ = {isa = PBXBuildFile; fileRef = 4C354BCE28ECC26700AE37D0 /* AkvaWidget.swift */; };
		4C9878D62A478C0800B25DC2 /* AkvaWidgetView.swift in Sources */ = {isa = PBXBuildFile; fileRef = 4C768E952A3D01FC000D21CC /* AkvaWidgetView.swift */; };
		4C9878D72A478C0A00B25DC2 /* AkvaSnapshotTimelineProvider.swift in Sources */ = {isa = PBXBuildFile; fileRef = 4C768E932A3D00EB000D21CC /* AkvaSnapshotTimelineProvider.swift */; };
		4C9878D82A478C0D00B25DC2 /* CircularProgressBar.swift in Sources */ = {isa = PBXBuildFile; fileRef = 4C768E972A3D1E5B000D21CC /* CircularProgressBar.swift */; };
		4CA32B5E2A30FF5600471C09 /* ContentView.swift in Sources */ = {isa = PBXBuildFile; fileRef = 4CE327D0296E08510021B336 /* ContentView.swift */; };
		4CA731EA2A4B6B9E00AD2694 /* Onboarding.swift in Sources */ = {isa = PBXBuildFile; fileRef = 4CA731E92A4B6B9E00AD2694 /* Onboarding.swift */; };
		4CA731EC2A4B6C3400AD2694 /* Settings.swift in Sources */ = {isa = PBXBuildFile; fileRef = 4CA731EB2A4B6C3400AD2694 /* Settings.swift */; };
		4CA731EE2A4B6C4B00AD2694 /* Welcome.swift in Sources */ = {isa = PBXBuildFile; fileRef = 4CA731ED2A4B6C4B00AD2694 /* Welcome.swift */; };
		4CA731F02A4B6C6900AD2694 /* HealthPermissionRequest.swift in Sources */ = {isa = PBXBuildFile; fileRef = 4CA731EF2A4B6C6900AD2694 /* HealthPermissionRequest.swift */; };
		4CA731F22A4B6C7E00AD2694 /* OnboardingFlow.swift in Sources */ = {isa = PBXBuildFile; fileRef = 4CA731F12A4B6C7E00AD2694 /* OnboardingFlow.swift */; };
		4CA731F42A4B6C9B00AD2694 /* NotificationPermissionRequest.swift in Sources */ = {isa = PBXBuildFile; fileRef = 4CA731F32A4B6C9B00AD2694 /* NotificationPermissionRequest.swift */; };
		4CBBEAB72A44DA1D000CE1A9 /* AkvaWidgetExtension.appex in Embed Foundation Extensions */ = {isa = PBXBuildFile; fileRef = 4C354BCA28ECC26700AE37D0 /* AkvaWidgetExtension.appex */; settings = {ATTRIBUTES = (RemoveHeadersOnCopy, ); }; };
		4CCD45AE28E87BC300D7B767 /* CircularProgressBar.swift in Sources */ = {isa = PBXBuildFile; fileRef = 4CCD45AD28E87BC300D7B767 /* CircularProgressBar.swift */; };
		4CCD45B228E8865300D7B767 /* AllDrinkData.swift in Sources */ = {isa = PBXBuildFile; fileRef = 4CCD45B128E8865300D7B767 /* AllDrinkData.swift */; };
		4CCD45B628E8ED4100D7B767 /* TargetSettingView.swift in Sources */ = {isa = PBXBuildFile; fileRef = 4CCD45B528E8ED4100D7B767 /* TargetSettingView.swift */; };
		4CE327B4296DFFDF0021B336 /* Assets.xcassets in Resources */ = {isa = PBXBuildFile; fileRef = 4CE327B3296DFFDF0021B336 /* Assets.xcassets */; };
/* End PBXBuildFile section */

/* Begin PBXContainerItemProxy section */
		4C9878CD2A478B4300B25DC2 /* PBXContainerItemProxy */ = {
			isa = PBXContainerItemProxy;
			containerPortal = 4C1564B728CD27230017C1AE /* Project object */;
			proxyType = 1;
			remoteGlobalIDString = 4C9878C32A478B4100B25DC2;
			remoteInfo = WatchWidgetsExtension;
		};
		4CBBEAB82A44DA1E000CE1A9 /* PBXContainerItemProxy */ = {
			isa = PBXContainerItemProxy;
			containerPortal = 4C1564B728CD27230017C1AE /* Project object */;
			proxyType = 1;
			remoteGlobalIDString = 4C354BC928ECC26700AE37D0;
			remoteInfo = AkvaWidgetExtension;
		};
/* End PBXContainerItemProxy section */

/* Begin PBXCopyFilesBuildPhase section */
		4C9878B92A4785AD00B25DC2 /* Embed Foundation Extensions */ = {
			isa = PBXCopyFilesBuildPhase;
			buildActionMask = 2147483647;
			dstPath = "";
			dstSubfolderSpec = 13;
			files = (
				4C9878CF2A478B4300B25DC2 /* WatchWidgetsExtension.appex in Embed Foundation Extensions */,
			);
			name = "Embed Foundation Extensions";
			runOnlyForDeploymentPostprocessing = 0;
		};
		4CBBEABA2A44DA1E000CE1A9 /* Embed Foundation Extensions */ = {
			isa = PBXCopyFilesBuildPhase;
			buildActionMask = 2147483647;
			dstPath = "";
			dstSubfolderSpec = 13;
			files = (
				4CBBEAB72A44DA1D000CE1A9 /* AkvaWidgetExtension.appex in Embed Foundation Extensions */,
			);
			name = "Embed Foundation Extensions";
			runOnlyForDeploymentPostprocessing = 0;
		};
/* End PBXCopyFilesBuildPhase section */

/* Begin PBXFileReference section */
		4C05C2052A3DCB2C002955FC /* About.swift */ = {isa = PBXFileReference; lastKnownFileType = sourcecode.swift; path = About.swift; sourceTree = "<group>"; };
		4C05C2072A3DCB45002955FC /* PrivacyPolicy.swift */ = {isa = PBXFileReference; lastKnownFileType = sourcecode.swift; path = PrivacyPolicy.swift; sourceTree = "<group>"; };
		4C137F2C2972EE0800F5247B /* Info.plist */ = {isa = PBXFileReference; lastKnownFileType = text.plist; path = Info.plist; sourceTree = "<group>"; };
		4C137F2D2972EE5500F5247B /* Akva-Watch-App-Info.plist */ = {isa = PBXFileReference; lastKnownFileType = text.plist.xml; path = "Akva-Watch-App-Info.plist"; sourceTree = SOURCE_ROOT; };
		4C1564BF28CD27230017C1AE /* Akva.app */ = {isa = PBXFileReference; explicitFileType = wrapper.application; includeInIndex = 0; path = Akva.app; sourceTree = BUILT_PRODUCTS_DIR; };
		4C1564C228CD27230017C1AE /* AkvaApp.swift */ = {isa = PBXFileReference; lastKnownFileType = sourcecode.swift; path = AkvaApp.swift; sourceTree = "<group>"; };
		4C1564C428CD27230017C1AE /* ContentView.swift */ = {isa = PBXFileReference; lastKnownFileType = sourcecode.swift; path = ContentView.swift; sourceTree = "<group>"; };
		4C1564C628CD27240017C1AE /* Assets.xcassets */ = {isa = PBXFileReference; lastKnownFileType = folder.assetcatalog; path = Assets.xcassets; sourceTree = "<group>"; };
		4C2854942A3274DC00971889 /* DiateryWaterData */ = {isa = PBXFileReference; lastKnownFileType = wrapper; path = DiateryWaterData; sourceTree = "<group>"; };
		4C2854972A346F9C00971889 /* OnboardingFlow.swift */ = {isa = PBXFileReference; lastKnownFileType = sourcecode.swift; path = OnboardingFlow.swift; sourceTree = "<group>"; };
		4C28549A2A3474AF00971889 /* Keys.swift */ = {isa = PBXFileReference; lastKnownFileType = sourcecode.swift; path = Keys.swift; sourceTree = "<group>"; };
		4C28549D2A347C1300971889 /* Welcome.swift */ = {isa = PBXFileReference; lastKnownFileType = sourcecode.swift; path = Welcome.swift; sourceTree = "<group>"; };
		4C28549F2A34B4BF00971889 /* Settings.swift */ = {isa = PBXFileReference; lastKnownFileType = sourcecode.swift; path = Settings.swift; sourceTree = "<group>"; };
		4C2854A22A34BA8800971889 /* CodableArray+RawRepresentable.swift */ = {isa = PBXFileReference; lastKnownFileType = sourcecode.swift; path = "CodableArray+RawRepresentable.swift"; sourceTree = "<group>"; };
		4C2854A62A35037C00971889 /* AppScreen.swift */ = {isa = PBXFileReference; lastKnownFileType = sourcecode.swift; path = AppScreen.swift; sourceTree = "<group>"; };
		4C2854A82A35056D00971889 /* AppTabView.swift */ = {isa = PBXFileReference; lastKnownFileType = sourcecode.swift; path = AppTabView.swift; sourceTree = "<group>"; };
		4C2854AB2A35069500971889 /* TodayNavigationStack.swift */ = {isa = PBXFileReference; lastKnownFileType = sourcecode.swift; path = TodayNavigationStack.swift; sourceTree = "<group>"; };
		4C2854AD2A3507CF00971889 /* RegisterWaterIntake.swift */ = {isa = PBXFileReference; lastKnownFileType = sourcecode.swift; path = RegisterWaterIntake.swift; sourceTree = "<group>"; };
		4C2854B02A350A4000971889 /* HistoryNavigationStack.swift */ = {isa = PBXFileReference; lastKnownFileType = sourcecode.swift; path = HistoryNavigationStack.swift; sourceTree = "<group>"; };
		4C2854B32A350B3600971889 /* SettingsNavigationStack.swift */ = {isa = PBXFileReference; lastKnownFileType = sourcecode.swift; path = SettingsNavigationStack.swift; sourceTree = "<group>"; };
		4C2854B62A350BC600971889 /* PrefersTabNavigationEnvironmentKey.swift */ = {isa = PBXFileReference; lastKnownFileType = sourcecode.swift; path = PrefersTabNavigationEnvironmentKey.swift; sourceTree = "<group>"; };
		4C2854B82A350C3000971889 /* AppSidebarList.swift */ = {isa = PBXFileReference; lastKnownFileType = sourcecode.swift; path = AppSidebarList.swift; sourceTree = "<group>"; };
		4C2854BA2A350C3900971889 /* AppDetailColumn.swift */ = {isa = PBXFileReference; lastKnownFileType = sourcecode.swift; path = AppDetailColumn.swift; sourceTree = "<group>"; };
		4C2854BC2A35103500971889 /* Today.swift */ = {isa = PBXFileReference; lastKnownFileType = sourcecode.swift; path = Today.swift; sourceTree = "<group>"; };
		4C2854BE2A35115000971889 /* History.swift */ = {isa = PBXFileReference; lastKnownFileType = sourcecode.swift; path = History.swift; sourceTree = "<group>"; };
		4C2854C02A35124A00971889 /* SettingsView.swift */ = {isa = PBXFileReference; lastKnownFileType = sourcecode.swift; path = SettingsView.swift; sourceTree = "<group>"; };
		4C2854C22A3631FF00971889 /* Onboarding.swift */ = {isa = PBXFileReference; lastKnownFileType = sourcecode.swift; path = Onboarding.swift; sourceTree = "<group>"; };
		4C354BB228EC081400AE37D0 /* WidgetKit.framework */ = {isa = PBXFileReference; lastKnownFileType = wrapper.framework; name = WidgetKit.framework; path = System/Library/Frameworks/WidgetKit.framework; sourceTree = SDKROOT; };
		4C354BB428EC081400AE37D0 /* SwiftUI.framework */ = {isa = PBXFileReference; lastKnownFileType = wrapper.framework; name = SwiftUI.framework; path = System/Library/Frameworks/SwiftUI.framework; sourceTree = SDKROOT; };
		4C354BCA28ECC26700AE37D0 /* AkvaWidgetExtension.appex */ = {isa = PBXFileReference; explicitFileType = "wrapper.app-extension"; includeInIndex = 0; path = AkvaWidgetExtension.appex; sourceTree = BUILT_PRODUCTS_DIR; };
		4C354BCE28ECC26700AE37D0 /* AkvaWidget.swift */ = {isa = PBXFileReference; lastKnownFileType = sourcecode.swift; path = AkvaWidget.swift; sourceTree = "<group>"; };
		4C354BD028ECC26800AE37D0 /* Assets.xcassets */ = {isa = PBXFileReference; lastKnownFileType = folder.assetcatalog; path = Assets.xcassets; sourceTree = "<group>"; };
		4C354BD228ECC26800AE37D0 /* Info.plist */ = {isa = PBXFileReference; lastKnownFileType = text.plist.xml; path = Info.plist; sourceTree = "<group>"; };
		4C4819AB2A3A5AC700DA0E5D /* AkvaWatchApp.swift */ = {isa = PBXFileReference; lastKnownFileType = sourcecode.swift; path = AkvaWatchApp.swift; sourceTree = "<group>"; };
		4C4819AD2A3A672A00DA0E5D /* Overview.swift */ = {isa = PBXFileReference; lastKnownFileType = sourcecode.swift; path = Overview.swift; sourceTree = "<group>"; };
		4C4819AF2A3ADAC500DA0E5D /* RegisterHydration.swift */ = {isa = PBXFileReference; lastKnownFileType = sourcecode.swift; path = RegisterHydration.swift; sourceTree = "<group>"; };
		4C589A0A28E4DC8C00E14BE8 /* StatsView.swift */ = {isa = PBXFileReference; lastKnownFileType = sourcecode.swift; path = StatsView.swift; sourceTree = "<group>"; };
		4C589A0C28E6B5C300E14BE8 /* WarningsView.swift */ = {isa = PBXFileReference; lastKnownFileType = sourcecode.swift; path = WarningsView.swift; sourceTree = "<group>"; };
		4C589A0E28E8392100E14BE8 /* Akva.entitlements */ = {isa = PBXFileReference; lastKnownFileType = text.plist.entitlements; path = Akva.entitlements; sourceTree = "<group>"; };
		4C589A0F28E84D6700E14BE8 /* HealthPermissionRequest.swift */ = {isa = PBXFileReference; lastKnownFileType = sourcecode.swift; path = HealthPermissionRequest.swift; sourceTree = "<group>"; };
		4C71421E28F1E56600118584 /* NotificationPermissionRequest.swift */ = {isa = PBXFileReference; lastKnownFileType = sourcecode.swift; path = NotificationPermissionRequest.swift; sourceTree = "<group>"; };
		4C768E8F2A3CFA68000D21CC /* WidgetsBundle.swift */ = {isa = PBXFileReference; lastKnownFileType = sourcecode.swift; path = WidgetsBundle.swift; sourceTree = "<group>"; };
		4C768E932A3D00EB000D21CC /* AkvaSnapshotTimelineProvider.swift */ = {isa = PBXFileReference; lastKnownFileType = sourcecode.swift; path = AkvaSnapshotTimelineProvider.swift; sourceTree = "<group>"; };
		4C768E952A3D01FC000D21CC /* AkvaWidgetView.swift */ = {isa = PBXFileReference; lastKnownFileType = sourcecode.swift; path = AkvaWidgetView.swift; sourceTree = "<group>"; };
		4C768E972A3D1E5B000D21CC /* CircularProgressBar.swift */ = {isa = PBXFileReference; lastKnownFileType = sourcecode.swift; path = CircularProgressBar.swift; sourceTree = "<group>"; };
		4C8351242A3B8E3000F6ED57 /* CircularProgressBar.swift */ = {isa = PBXFileReference; lastKnownFileType = sourcecode.swift; path = CircularProgressBar.swift; sourceTree = "<group>"; };
		4C8351262A3B93D000F6ED57 /* Details.swift */ = {isa = PBXFileReference; lastKnownFileType = sourcecode.swift; path = Details.swift; sourceTree = "<group>"; };
		4C9878C42A478B4100B25DC2 /* WatchWidgetsExtension.appex */ = {isa = PBXFileReference; explicitFileType = "wrapper.app-extension"; includeInIndex = 0; path = WatchWidgetsExtension.appex; sourceTree = BUILT_PRODUCTS_DIR; };
		4C9878C82A478B4100B25DC2 /* WatchWidgets.swift */ = {isa = PBXFileReference; lastKnownFileType = sourcecode.swift; path = WatchWidgets.swift; sourceTree = "<group>"; };
		4C9878CA2A478B4300B25DC2 /* Assets.xcassets */ = {isa = PBXFileReference; lastKnownFileType = folder.assetcatalog; path = Assets.xcassets; sourceTree = "<group>"; };
		4C9878CC2A478B4300B25DC2 /* Info.plist */ = {isa = PBXFileReference; lastKnownFileType = text.plist.xml; path = Info.plist; sourceTree = "<group>"; };
		4CA731E92A4B6B9E00AD2694 /* Onboarding.swift */ = {isa = PBXFileReference; lastKnownFileType = sourcecode.swift; path = Onboarding.swift; sourceTree = "<group>"; };
		4CA731EB2A4B6C3400AD2694 /* Settings.swift */ = {isa = PBXFileReference; lastKnownFileType = sourcecode.swift; path = Settings.swift; sourceTree = "<group>"; };
		4CA731ED2A4B6C4B00AD2694 /* Welcome.swift */ = {isa = PBXFileReference; lastKnownFileType = sourcecode.swift; path = Welcome.swift; sourceTree = "<group>"; };
		4CA731EF2A4B6C6900AD2694 /* HealthPermissionRequest.swift */ = {isa = PBXFileReference; lastKnownFileType = sourcecode.swift; path = HealthPermissionRequest.swift; sourceTree = "<group>"; };
		4CA731F12A4B6C7E00AD2694 /* OnboardingFlow.swift */ = {isa = PBXFileReference; lastKnownFileType = sourcecode.swift; path = OnboardingFlow.swift; sourceTree = "<group>"; };
		4CA731F32A4B6C9B00AD2694 /* NotificationPermissionRequest.swift */ = {isa = PBXFileReference; lastKnownFileType = sourcecode.swift; path = NotificationPermissionRequest.swift; sourceTree = "<group>"; };
		4CCD45AD28E87BC300D7B767 /* CircularProgressBar.swift */ = {isa = PBXFileReference; lastKnownFileType = sourcecode.swift; path = CircularProgressBar.swift; sourceTree = "<group>"; };
		4CCD45B128E8865300D7B767 /* AllDrinkData.swift */ = {isa = PBXFileReference; lastKnownFileType = sourcecode.swift; path = AllDrinkData.swift; sourceTree = "<group>"; };
		4CCD45B528E8ED4100D7B767 /* TargetSettingView.swift */ = {isa = PBXFileReference; lastKnownFileType = sourcecode.swift; path = TargetSettingView.swift; sourceTree = "<group>"; };
		4CE327AD296DFFDE0021B336 /* Akva Watch App.app */ = {isa = PBXFileReference; explicitFileType = wrapper.application; includeInIndex = 0; path = "Akva Watch App.app"; sourceTree = BUILT_PRODUCTS_DIR; };
		4CE327B3296DFFDF0021B336 /* Assets.xcassets */ = {isa = PBXFileReference; lastKnownFileType = folder.assetcatalog; path = Assets.xcassets; sourceTree = "<group>"; };
		4CE327CF296E074A0021B336 /* Akva Watch App.entitlements */ = {isa = PBXFileReference; lastKnownFileType = text.plist.entitlements; path = "Akva Watch App.entitlements"; sourceTree = "<group>"; };
		4CE327D0296E08510021B336 /* ContentView.swift */ = {isa = PBXFileReference; lastKnownFileType = sourcecode.swift; path = ContentView.swift; sourceTree = "<group>"; };
		4CF6E90228EE1E0E00645F76 /* AkvaWidgetExtension.entitlements */ = {isa = PBXFileReference; lastKnownFileType = text.plist.entitlements; path = AkvaWidgetExtension.entitlements; sourceTree = "<group>"; };
/* End PBXFileReference section */

/* Begin PBXFrameworksBuildPhase section */
		4C1564BC28CD27230017C1AE /* Frameworks */ = {
			isa = PBXFrameworksBuildPhase;
			buildActionMask = 2147483647;
			files = (
				4C2854962A32752D00971889 /* DiateryWaterData in Frameworks */,
			);
			runOnlyForDeploymentPostprocessing = 0;
		};
		4C354BC728ECC26700AE37D0 /* Frameworks */ = {
			isa = PBXFrameworksBuildPhase;
			buildActionMask = 2147483647;
			files = (
				4C354BCC28ECC26700AE37D0 /* SwiftUI.framework in Frameworks */,
				4C354BCB28ECC26700AE37D0 /* WidgetKit.framework in Frameworks */,
				4C768E8E2A3CF9D7000D21CC /* DiateryWaterData in Frameworks */,
			);
			runOnlyForDeploymentPostprocessing = 0;
		};
		4C9878C12A478B4100B25DC2 /* Frameworks */ = {
			isa = PBXFrameworksBuildPhase;
			buildActionMask = 2147483647;
			files = (
				4C9878C62A478B4100B25DC2 /* SwiftUI.framework in Frameworks */,
				4C9878C52A478B4100B25DC2 /* WidgetKit.framework in Frameworks */,
				4C9878D42A478BC100B25DC2 /* DiateryWaterData in Frameworks */,
			);
			runOnlyForDeploymentPostprocessing = 0;
		};
		4CE327AA296DFFDE0021B336 /* Frameworks */ = {
			isa = PBXFrameworksBuildPhase;
			buildActionMask = 2147483647;
			files = (
				4C4819A52A3A55F000DA0E5D /* DiateryWaterData in Frameworks */,
			);
			runOnlyForDeploymentPostprocessing = 0;
		};
/* End PBXFrameworksBuildPhase section */

/* Begin PBXGroup section */
		4C1564B628CD27230017C1AE = {
			isa = PBXGroup;
			children = (
				4CF6E90228EE1E0E00645F76 /* AkvaWidgetExtension.entitlements */,
				4C1564C128CD27230017C1AE /* Akva */,
				4CE327AE296DFFDE0021B336 /* Watch */,
				4C354BCD28ECC26700AE37D0 /* Widgets */,
				4C9878C72A478B4100B25DC2 /* WatchWidgets */,
				4C2854942A3274DC00971889 /* DiateryWaterData */,
				4C354BB128EC081400AE37D0 /* Frameworks */,
				4C1564C028CD27230017C1AE /* Products */,
			);
			sourceTree = "<group>";
		};
		4C1564C028CD27230017C1AE /* Products */ = {
			isa = PBXGroup;
			children = (
				4C1564BF28CD27230017C1AE /* Akva.app */,
				4C354BCA28ECC26700AE37D0 /* AkvaWidgetExtension.appex */,
				4CE327AD296DFFDE0021B336 /* Akva Watch App.app */,
				4C9878C42A478B4100B25DC2 /* WatchWidgetsExtension.appex */,
			);
			name = Products;
			sourceTree = "<group>";
		};
		4C1564C128CD27230017C1AE /* Akva */ = {
			isa = PBXGroup;
			children = (
				4C137F2C2972EE0800F5247B /* Info.plist */,
				4C589A0E28E8392100E14BE8 /* Akva.entitlements */,
				4C1564C628CD27240017C1AE /* Assets.xcassets */,
				4C1564C228CD27230017C1AE /* AkvaApp.swift */,
				4C1564C428CD27230017C1AE /* ContentView.swift */,
				4C2854A12A34BA7C00971889 /* Helper */,
				4C28549C2A34784000971889 /* Onboarding */,
				4C2854A42A35036600971889 /* Navigation */,
				4C2854AA2A35068600971889 /* Today */,
				4C2854AF2A350A3500971889 /* History */,
				4C2854B22A350B2700971889 /* Settings */,
				4C2854992A34740B00971889 /* Storage */,
				4C2854B52A350BBC00971889 /* General */,
			);
			path = Akva;
			sourceTree = "<group>";
		};
		4C2854992A34740B00971889 /* Storage */ = {
			isa = PBXGroup;
			children = (
				4C28549A2A3474AF00971889 /* Keys.swift */,
			);
			path = Storage;
			sourceTree = "<group>";
		};
		4C28549C2A34784000971889 /* Onboarding */ = {
			isa = PBXGroup;
			children = (
				4C71421E28F1E56600118584 /* NotificationPermissionRequest.swift */,
				4C2854972A346F9C00971889 /* OnboardingFlow.swift */,
				4C589A0F28E84D6700E14BE8 /* HealthPermissionRequest.swift */,
				4C28549D2A347C1300971889 /* Welcome.swift */,
				4C28549F2A34B4BF00971889 /* Settings.swift */,
				4C2854C22A3631FF00971889 /* Onboarding.swift */,
			);
			path = Onboarding;
			sourceTree = "<group>";
		};
		4C2854A12A34BA7C00971889 /* Helper */ = {
			isa = PBXGroup;
			children = (
				4C2854A22A34BA8800971889 /* CodableArray+RawRepresentable.swift */,
			);
			path = Helper;
			sourceTree = "<group>";
		};
		4C2854A42A35036600971889 /* Navigation */ = {
			isa = PBXGroup;
			children = (
				4C2854A62A35037C00971889 /* AppScreen.swift */,
				4C2854A82A35056D00971889 /* AppTabView.swift */,
				4C2854B82A350C3000971889 /* AppSidebarList.swift */,
				4C2854BA2A350C3900971889 /* AppDetailColumn.swift */,
			);
			path = Navigation;
			sourceTree = "<group>";
		};
		4C2854AA2A35068600971889 /* Today */ = {
			isa = PBXGroup;
			children = (
				4C2854AB2A35069500971889 /* TodayNavigationStack.swift */,
				4C2854BC2A35103500971889 /* Today.swift */,
				4CCD45AD28E87BC300D7B767 /* CircularProgressBar.swift */,
				4C589A0A28E4DC8C00E14BE8 /* StatsView.swift */,
				4C589A0C28E6B5C300E14BE8 /* WarningsView.swift */,
				4C2854AD2A3507CF00971889 /* RegisterWaterIntake.swift */,
			);
			path = Today;
			sourceTree = "<group>";
		};
		4C2854AF2A350A3500971889 /* History */ = {
			isa = PBXGroup;
			children = (
				4C2854B02A350A4000971889 /* HistoryNavigationStack.swift */,
				4C2854BE2A35115000971889 /* History.swift */,
			);
			path = History;
			sourceTree = "<group>";
		};
		4C2854B22A350B2700971889 /* Settings */ = {
			isa = PBXGroup;
			children = (
				4C2854B32A350B3600971889 /* SettingsNavigationStack.swift */,
				4C2854C02A35124A00971889 /* SettingsView.swift */,
				4C05C2052A3DCB2C002955FC /* About.swift */,
				4C05C2072A3DCB45002955FC /* PrivacyPolicy.swift */,
				4CCD45B128E8865300D7B767 /* AllDrinkData.swift */,
				4CCD45B528E8ED4100D7B767 /* TargetSettingView.swift */,
			);
			path = Settings;
			sourceTree = "<group>";
		};
		4C2854B52A350BBC00971889 /* General */ = {
			isa = PBXGroup;
			children = (
				4C2854B62A350BC600971889 /* PrefersTabNavigationEnvironmentKey.swift */,
			);
			path = General;
			sourceTree = "<group>";
		};
		4C354BB128EC081400AE37D0 /* Frameworks */ = {
			isa = PBXGroup;
			children = (
				4C354BB228EC081400AE37D0 /* WidgetKit.framework */,
				4C354BB428EC081400AE37D0 /* SwiftUI.framework */,
			);
			name = Frameworks;
			sourceTree = "<group>";
		};
		4C354BCD28ECC26700AE37D0 /* Widgets */ = {
			isa = PBXGroup;
			children = (
				4C354BD228ECC26800AE37D0 /* Info.plist */,
				4C354BD028ECC26800AE37D0 /* Assets.xcassets */,
				4C768E8F2A3CFA68000D21CC /* WidgetsBundle.swift */,
				4C354BCE28ECC26700AE37D0 /* AkvaWidget.swift */,
				4C768E952A3D01FC000D21CC /* AkvaWidgetView.swift */,
				4C768E932A3D00EB000D21CC /* AkvaSnapshotTimelineProvider.swift */,
				4C768E972A3D1E5B000D21CC /* CircularProgressBar.swift */,
			);
			path = Widgets;
			sourceTree = "<group>";
		};
		4C768E8C2A3C2EC9000D21CC /* Detail */ = {
			isa = PBXGroup;
			children = (
				4C8351262A3B93D000F6ED57 /* Details.swift */,
			);
			path = Detail;
			sourceTree = "<group>";
		};
		4C8351232A3B885B00F6ED57 /* Overview */ = {
			isa = PBXGroup;
			children = (
				4C4819AD2A3A672A00DA0E5D /* Overview.swift */,
				4C4819AF2A3ADAC500DA0E5D /* RegisterHydration.swift */,
				4C8351242A3B8E3000F6ED57 /* CircularProgressBar.swift */,
			);
			path = Overview;
			sourceTree = "<group>";
		};
		4C9878C72A478B4100B25DC2 /* WatchWidgets */ = {
			isa = PBXGroup;
			children = (
				4C9878C82A478B4100B25DC2 /* WatchWidgets.swift */,
				4C9878CA2A478B4300B25DC2 /* Assets.xcassets */,
				4C9878CC2A478B4300B25DC2 /* Info.plist */,
			);
			path = WatchWidgets;
			sourceTree = "<group>";
		};
		4CA731E82A4B6B8100AD2694 /* Onboarding */ = {
			isa = PBXGroup;
			children = (
				4CA731E92A4B6B9E00AD2694 /* Onboarding.swift */,
				4CA731F12A4B6C7E00AD2694 /* OnboardingFlow.swift */,
				4CA731ED2A4B6C4B00AD2694 /* Welcome.swift */,
				4CA731EF2A4B6C6900AD2694 /* HealthPermissionRequest.swift */,
				4CA731F32A4B6C9B00AD2694 /* NotificationPermissionRequest.swift */,
				4CA731EB2A4B6C3400AD2694 /* Settings.swift */,
			);
			path = Onboarding;
			sourceTree = "<group>";
		};
		4CE327AE296DFFDE0021B336 /* Watch */ = {
			isa = PBXGroup;
			children = (
				4C137F2D2972EE5500F5247B /* Akva-Watch-App-Info.plist */,
				4CE327CF296E074A0021B336 /* Akva Watch App.entitlements */,
				4CE327B3296DFFDF0021B336 /* Assets.xcassets */,
				4C4819AB2A3A5AC700DA0E5D /* AkvaWatchApp.swift */,
				4CE327D0296E08510021B336 /* ContentView.swift */,
				4CA731E82A4B6B8100AD2694 /* Onboarding */,
				4C8351232A3B885B00F6ED57 /* Overview */,
				4C768E8C2A3C2EC9000D21CC /* Detail */,
			);
			path = Watch;
			sourceTree = "<group>";
		};
/* End PBXGroup section */

/* Begin PBXNativeTarget section */
		4C1564BE28CD27230017C1AE /* Akva */ = {
			isa = PBXNativeTarget;
			buildConfigurationList = 4C1564CD28CD27240017C1AE /* Build configuration list for PBXNativeTarget "Akva" */;
			buildPhases = (
				4C1564BB28CD27230017C1AE /* Sources */,
				4C1564BC28CD27230017C1AE /* Frameworks */,
				4C1564BD28CD27230017C1AE /* Resources */,
				4CBBEABA2A44DA1E000CE1A9 /* Embed Foundation Extensions */,
			);
			buildRules = (
			);
			dependencies = (
				4CBBEAB92A44DA1E000CE1A9 /* PBXTargetDependency */,
			);
			name = Akva;
			packageProductDependencies = (
				4C2854952A32752D00971889 /* DiateryWaterData */,
			);
			productName = Aqua;
			productReference = 4C1564BF28CD27230017C1AE /* Akva.app */;
			productType = "com.apple.product-type.application";
		};
		4C354BC928ECC26700AE37D0 /* AkvaWidgetExtension */ = {
			isa = PBXNativeTarget;
			buildConfigurationList = 4C354BD628ECC26800AE37D0 /* Build configuration list for PBXNativeTarget "AkvaWidgetExtension" */;
			buildPhases = (
				4C354BC628ECC26700AE37D0 /* Sources */,
				4C354BC728ECC26700AE37D0 /* Frameworks */,
				4C354BC828ECC26700AE37D0 /* Resources */,
			);
			buildRules = (
			);
			dependencies = (
			);
			name = AkvaWidgetExtension;
			packageProductDependencies = (
				4C768E8D2A3CF9D7000D21CC /* DiateryWaterData */,
			);
			productName = AquaWidgetExtension;
			productReference = 4C354BCA28ECC26700AE37D0 /* AkvaWidgetExtension.appex */;
			productType = "com.apple.product-type.app-extension";
		};
		4C9878C32A478B4100B25DC2 /* WatchWidgetsExtension */ = {
			isa = PBXNativeTarget;
			buildConfigurationList = 4C9878D02A478B4300B25DC2 /* Build configuration list for PBXNativeTarget "WatchWidgetsExtension" */;
			buildPhases = (
				4C9878C02A478B4100B25DC2 /* Sources */,
				4C9878C12A478B4100B25DC2 /* Frameworks */,
				4C9878C22A478B4100B25DC2 /* Resources */,
			);
			buildRules = (
			);
			dependencies = (
			);
			name = WatchWidgetsExtension;
			packageProductDependencies = (
				4C9878D32A478BC100B25DC2 /* DiateryWaterData */,
			);
			productName = WatchWidgetsExtension;
			productReference = 4C9878C42A478B4100B25DC2 /* WatchWidgetsExtension.appex */;
			productType = "com.apple.product-type.app-extension";
		};
		4CE327AC296DFFDE0021B336 /* Akva Watch App */ = {
			isa = PBXNativeTarget;
			buildConfigurationList = 4CE327B8296DFFDF0021B336 /* Build configuration list for PBXNativeTarget "Akva Watch App" */;
			buildPhases = (
				4CE327A9296DFFDE0021B336 /* Sources */,
				4CE327AA296DFFDE0021B336 /* Frameworks */,
				4CE327AB296DFFDE0021B336 /* Resources */,
				4C9878B92A4785AD00B25DC2 /* Embed Foundation Extensions */,
			);
			buildRules = (
			);
			dependencies = (
				4C9878CE2A478B4300B25DC2 /* PBXTargetDependency */,
			);
			name = "Akva Watch App";
			packageProductDependencies = (
				4C4819A42A3A55F000DA0E5D /* DiateryWaterData */,
			);
			productName = "Akva Watch App";
			productReference = 4CE327AD296DFFDE0021B336 /* Akva Watch App.app */;
			productType = "com.apple.product-type.application";
		};
/* End PBXNativeTarget section */

/* Begin PBXProject section */
		4C1564B728CD27230017C1AE /* Project object */ = {
			isa = PBXProject;
			attributes = {
				BuildIndependentTargetsInParallel = 1;
				LastSwiftUpdateCheck = 1500;
				LastUpgradeCheck = 1500;
				TargetAttributes = {
					4C1564BE28CD27230017C1AE = {
						CreatedOnToolsVersion = 14.0;
					};
					4C354BC928ECC26700AE37D0 = {
						CreatedOnToolsVersion = 14.0.1;
					};
					4C9878C32A478B4100B25DC2 = {
						CreatedOnToolsVersion = 15.0;
					};
					4CE327AC296DFFDE0021B336 = {
						CreatedOnToolsVersion = 14.2;
					};
				};
			};
			buildConfigurationList = 4C1564BA28CD27230017C1AE /* Build configuration list for PBXProject "Akva" */;
			compatibilityVersion = "Xcode 14.0";
			developmentRegion = en;
			hasScannedForEncodings = 0;
			knownRegions = (
				en,
				Base,
			);
			mainGroup = 4C1564B628CD27230017C1AE;
			productRefGroup = 4C1564C028CD27230017C1AE /* Products */;
			projectDirPath = "";
			projectRoot = "";
			targets = (
				4C1564BE28CD27230017C1AE /* Akva */,
				4CE327AC296DFFDE0021B336 /* Akva Watch App */,
				4C354BC928ECC26700AE37D0 /* AkvaWidgetExtension */,
				4C9878C32A478B4100B25DC2 /* WatchWidgetsExtension */,
			);
		};
/* End PBXProject section */

/* Begin PBXResourcesBuildPhase section */
		4C1564BD28CD27230017C1AE /* Resources */ = {
			isa = PBXResourcesBuildPhase;
			buildActionMask = 2147483647;
			files = (
				4C1564C728CD27240017C1AE /* Assets.xcassets in Resources */,
			);
			runOnlyForDeploymentPostprocessing = 0;
		};
		4C354BC828ECC26700AE37D0 /* Resources */ = {
			isa = PBXResourcesBuildPhase;
			buildActionMask = 2147483647;
			files = (
				4C354BD128ECC26800AE37D0 /* Assets.xcassets in Resources */,
			);
			runOnlyForDeploymentPostprocessing = 0;
		};
		4C9878C22A478B4100B25DC2 /* Resources */ = {
			isa = PBXResourcesBuildPhase;
			buildActionMask = 2147483647;
			files = (
				4C9878CB2A478B4300B25DC2 /* Assets.xcassets in Resources */,
			);
			runOnlyForDeploymentPostprocessing = 0;
		};
		4CE327AB296DFFDE0021B336 /* Resources */ = {
			isa = PBXResourcesBuildPhase;
			buildActionMask = 2147483647;
			files = (
				4CE327B4296DFFDF0021B336 /* Assets.xcassets in Resources */,
			);
			runOnlyForDeploymentPostprocessing = 0;
		};
/* End PBXResourcesBuildPhase section */

/* Begin PBXSourcesBuildPhase section */
		4C1564BB28CD27230017C1AE /* Sources */ = {
			isa = PBXSourcesBuildPhase;
			buildActionMask = 2147483647;
			files = (
				4C2854AE2A3507CF00971889 /* RegisterWaterIntake.swift in Sources */,
				4C2854B42A350B3600971889 /* SettingsNavigationStack.swift in Sources */,
				4C28549B2A3474AF00971889 /* Keys.swift in Sources */,
				4C2854BB2A350C3900971889 /* AppDetailColumn.swift in Sources */,
				4C2854C12A35124A00971889 /* SettingsView.swift in Sources */,
				4C589A0D28E6B5C300E14BE8 /* WarningsView.swift in Sources */,
				4C589A1028E84D6700E14BE8 /* HealthPermissionRequest.swift in Sources */,
				4C2854982A346F9C00971889 /* OnboardingFlow.swift in Sources */,
				4CCD45AE28E87BC300D7B767 /* CircularProgressBar.swift in Sources */,
				4C05C2062A3DCB2C002955FC /* About.swift in Sources */,
				4C2854AC2A35069500971889 /* TodayNavigationStack.swift in Sources */,
				4C2854A02A34B4BF00971889 /* Settings.swift in Sources */,
				4C28549E2A347C1300971889 /* Welcome.swift in Sources */,
				4C2854B72A350BC600971889 /* PrefersTabNavigationEnvironmentKey.swift in Sources */,
				4C589A0B28E4DC8C00E14BE8 /* StatsView.swift in Sources */,
				4C2854A92A35056D00971889 /* AppTabView.swift in Sources */,
				4C2854A72A35037C00971889 /* AppScreen.swift in Sources */,
				4C1564C528CD27230017C1AE /* ContentView.swift in Sources */,
				4C2854BD2A35103500971889 /* Today.swift in Sources */,
				4C2854B92A350C3000971889 /* AppSidebarList.swift in Sources */,
				4CCD45B228E8865300D7B767 /* AllDrinkData.swift in Sources */,
				4C05C2082A3DCB45002955FC /* PrivacyPolicy.swift in Sources */,
				4C2854BF2A35115000971889 /* History.swift in Sources */,
				4C2854A32A34BA8800971889 /* CodableArray+RawRepresentable.swift in Sources */,
				4C71421F28F1E56600118584 /* NotificationPermissionRequest.swift in Sources */,
				4C1564C328CD27230017C1AE /* AkvaApp.swift in Sources */,
				4CCD45B628E8ED4100D7B767 /* TargetSettingView.swift in Sources */,
				4C2854B12A350A4000971889 /* HistoryNavigationStack.swift in Sources */,
				4C2854C32A3631FF00971889 /* Onboarding.swift in Sources */,
			);
			runOnlyForDeploymentPostprocessing = 0;
		};
		4C354BC628ECC26700AE37D0 /* Sources */ = {
			isa = PBXSourcesBuildPhase;
			buildActionMask = 2147483647;
			files = (
				4C354BCF28ECC26700AE37D0 /* AkvaWidget.swift in Sources */,
				4C768E902A3CFA68000D21CC /* WidgetsBundle.swift in Sources */,
				4C768E962A3D01FC000D21CC /* AkvaWidgetView.swift in Sources */,
				4C768E942A3D00EB000D21CC /* AkvaSnapshotTimelineProvider.swift in Sources */,
				4C768E982A3D1E5B000D21CC /* CircularProgressBar.swift in Sources */,
			);
			runOnlyForDeploymentPostprocessing = 0;
		};
		4C9878C02A478B4100B25DC2 /* Sources */ = {
			isa = PBXSourcesBuildPhase;
			buildActionMask = 2147483647;
			files = (
				4C9878D52A478C0400B25DC2 /* AkvaWidget.swift in Sources */,
				4C9878C92A478B4100B25DC2 /* WatchWidgets.swift in Sources */,
				4C9878D72A478C0A00B25DC2 /* AkvaSnapshotTimelineProvider.swift in Sources */,
				4C9878D62A478C0800B25DC2 /* AkvaWidgetView.swift in Sources */,
				4C9878D82A478C0D00B25DC2 /* CircularProgressBar.swift in Sources */,
			);
			runOnlyForDeploymentPostprocessing = 0;
		};
		4CE327A9296DFFDE0021B336 /* Sources */ = {
			isa = PBXSourcesBuildPhase;
			buildActionMask = 2147483647;
			files = (
				4C4819AE2A3A672A00DA0E5D /* Overview.swift in Sources */,
				4CA731F02A4B6C6900AD2694 /* HealthPermissionRequest.swift in Sources */,
				4C4819B02A3ADAC500DA0E5D /* RegisterHydration.swift in Sources */,
				4C8351272A3B93D000F6ED57 /* Details.swift in Sources */,
				4C4819AC2A3A5AC700DA0E5D /* AkvaWatchApp.swift in Sources */,
				4C8D91E62A4B60540032E2B2 /* Keys.swift in Sources */,
				4CA731F22A4B6C7E00AD2694 /* OnboardingFlow.swift in Sources */,
				4CA32B5E2A30FF5600471C09 /* ContentView.swift in Sources */,
				4CA731EE2A4B6C4B00AD2694 /* Welcome.swift in Sources */,
				4CA731EC2A4B6C3400AD2694 /* Settings.swift in Sources */,
				4CA731F42A4B6C9B00AD2694 /* NotificationPermissionRequest.swift in Sources */,
				4CA731EA2A4B6B9E00AD2694 /* Onboarding.swift in Sources */,
				4C8351252A3B8E3000F6ED57 /* CircularProgressBar.swift in Sources */,
			);
			runOnlyForDeploymentPostprocessing = 0;
		};
/* End PBXSourcesBuildPhase section */

/* Begin PBXTargetDependency section */
		4C9878CE2A478B4300B25DC2 /* PBXTargetDependency */ = {
			isa = PBXTargetDependency;
			target = 4C9878C32A478B4100B25DC2 /* WatchWidgetsExtension */;
			targetProxy = 4C9878CD2A478B4300B25DC2 /* PBXContainerItemProxy */;
		};
		4CBBEAB92A44DA1E000CE1A9 /* PBXTargetDependency */ = {
			isa = PBXTargetDependency;
			target = 4C354BC928ECC26700AE37D0 /* AkvaWidgetExtension */;
			targetProxy = 4CBBEAB82A44DA1E000CE1A9 /* PBXContainerItemProxy */;
		};
/* End PBXTargetDependency section */

/* Begin XCBuildConfiguration section */
		4C1564CB28CD27240017C1AE /* Debug */ = {
			isa = XCBuildConfiguration;
			buildSettings = {
				ALWAYS_SEARCH_USER_PATHS = NO;
				CLANG_ANALYZER_NONNULL = YES;
				CLANG_ANALYZER_NUMBER_OBJECT_CONVERSION = YES_AGGRESSIVE;
				CLANG_CXX_LANGUAGE_STANDARD = "gnu++20";
				CLANG_ENABLE_MODULES = YES;
				CLANG_ENABLE_OBJC_ARC = YES;
				CLANG_ENABLE_OBJC_WEAK = YES;
				CLANG_WARN_BLOCK_CAPTURE_AUTORELEASING = YES;
				CLANG_WARN_BOOL_CONVERSION = YES;
				CLANG_WARN_COMMA = YES;
				CLANG_WARN_CONSTANT_CONVERSION = YES;
				CLANG_WARN_DEPRECATED_OBJC_IMPLEMENTATIONS = YES;
				CLANG_WARN_DIRECT_OBJC_ISA_USAGE = YES_ERROR;
				CLANG_WARN_DOCUMENTATION_COMMENTS = YES;
				CLANG_WARN_EMPTY_BODY = YES;
				CLANG_WARN_ENUM_CONVERSION = YES;
				CLANG_WARN_INFINITE_RECURSION = YES;
				CLANG_WARN_INT_CONVERSION = YES;
				CLANG_WARN_NON_LITERAL_NULL_CONVERSION = YES;
				CLANG_WARN_OBJC_IMPLICIT_RETAIN_SELF = YES;
				CLANG_WARN_OBJC_LITERAL_CONVERSION = YES;
				CLANG_WARN_OBJC_ROOT_CLASS = YES_ERROR;
				CLANG_WARN_QUOTED_INCLUDE_IN_FRAMEWORK_HEADER = YES;
				CLANG_WARN_RANGE_LOOP_ANALYSIS = YES;
				CLANG_WARN_STRICT_PROTOTYPES = YES;
				CLANG_WARN_SUSPICIOUS_MOVE = YES;
				CLANG_WARN_UNGUARDED_AVAILABILITY = YES_AGGRESSIVE;
				CLANG_WARN_UNREACHABLE_CODE = YES;
				CLANG_WARN__DUPLICATE_METHOD_MATCH = YES;
				COPY_PHASE_STRIP = NO;
				DEBUG_INFORMATION_FORMAT = dwarf;
				ENABLE_STRICT_OBJC_MSGSEND = YES;
				ENABLE_TESTABILITY = YES;
				ENABLE_USER_SCRIPT_SANDBOXING = YES;
				GCC_C_LANGUAGE_STANDARD = gnu11;
				GCC_DYNAMIC_NO_PIC = NO;
				GCC_NO_COMMON_BLOCKS = YES;
				GCC_OPTIMIZATION_LEVEL = 0;
				GCC_PREPROCESSOR_DEFINITIONS = (
					"DEBUG=1",
					"$(inherited)",
				);
				GCC_WARN_64_TO_32_BIT_CONVERSION = YES;
				GCC_WARN_ABOUT_RETURN_TYPE = YES_ERROR;
				GCC_WARN_UNDECLARED_SELECTOR = YES;
				GCC_WARN_UNINITIALIZED_AUTOS = YES_AGGRESSIVE;
				GCC_WARN_UNUSED_FUNCTION = YES;
				GCC_WARN_UNUSED_VARIABLE = YES;
				IPHONEOS_DEPLOYMENT_TARGET = 17.0;
				MTL_ENABLE_DEBUG_INFO = INCLUDE_SOURCE;
				MTL_FAST_MATH = YES;
				ONLY_ACTIVE_ARCH = YES;
				SDKROOT = iphoneos;
				SWIFT_ACTIVE_COMPILATION_CONDITIONS = DEBUG;
				SWIFT_OPTIMIZATION_LEVEL = "-Onone";
				WATCHOS_DEPLOYMENT_TARGET = 10.0;
			};
			name = Debug;
		};
		4C1564CC28CD27240017C1AE /* Release */ = {
			isa = XCBuildConfiguration;
			buildSettings = {
				ALWAYS_SEARCH_USER_PATHS = NO;
				CLANG_ANALYZER_NONNULL = YES;
				CLANG_ANALYZER_NUMBER_OBJECT_CONVERSION = YES_AGGRESSIVE;
				CLANG_CXX_LANGUAGE_STANDARD = "gnu++20";
				CLANG_ENABLE_MODULES = YES;
				CLANG_ENABLE_OBJC_ARC = YES;
				CLANG_ENABLE_OBJC_WEAK = YES;
				CLANG_WARN_BLOCK_CAPTURE_AUTORELEASING = YES;
				CLANG_WARN_BOOL_CONVERSION = YES;
				CLANG_WARN_COMMA = YES;
				CLANG_WARN_CONSTANT_CONVERSION = YES;
				CLANG_WARN_DEPRECATED_OBJC_IMPLEMENTATIONS = YES;
				CLANG_WARN_DIRECT_OBJC_ISA_USAGE = YES_ERROR;
				CLANG_WARN_DOCUMENTATION_COMMENTS = YES;
				CLANG_WARN_EMPTY_BODY = YES;
				CLANG_WARN_ENUM_CONVERSION = YES;
				CLANG_WARN_INFINITE_RECURSION = YES;
				CLANG_WARN_INT_CONVERSION = YES;
				CLANG_WARN_NON_LITERAL_NULL_CONVERSION = YES;
				CLANG_WARN_OBJC_IMPLICIT_RETAIN_SELF = YES;
				CLANG_WARN_OBJC_LITERAL_CONVERSION = YES;
				CLANG_WARN_OBJC_ROOT_CLASS = YES_ERROR;
				CLANG_WARN_QUOTED_INCLUDE_IN_FRAMEWORK_HEADER = YES;
				CLANG_WARN_RANGE_LOOP_ANALYSIS = YES;
				CLANG_WARN_STRICT_PROTOTYPES = YES;
				CLANG_WARN_SUSPICIOUS_MOVE = YES;
				CLANG_WARN_UNGUARDED_AVAILABILITY = YES_AGGRESSIVE;
				CLANG_WARN_UNREACHABLE_CODE = YES;
				CLANG_WARN__DUPLICATE_METHOD_MATCH = YES;
				COPY_PHASE_STRIP = NO;
				DEBUG_INFORMATION_FORMAT = "dwarf-with-dsym";
				ENABLE_NS_ASSERTIONS = NO;
				ENABLE_STRICT_OBJC_MSGSEND = YES;
				ENABLE_USER_SCRIPT_SANDBOXING = YES;
				GCC_C_LANGUAGE_STANDARD = gnu11;
				GCC_NO_COMMON_BLOCKS = YES;
				GCC_WARN_64_TO_32_BIT_CONVERSION = YES;
				GCC_WARN_ABOUT_RETURN_TYPE = YES_ERROR;
				GCC_WARN_UNDECLARED_SELECTOR = YES;
				GCC_WARN_UNINITIALIZED_AUTOS = YES_AGGRESSIVE;
				GCC_WARN_UNUSED_FUNCTION = YES;
				GCC_WARN_UNUSED_VARIABLE = YES;
				IPHONEOS_DEPLOYMENT_TARGET = 17.0;
				MTL_ENABLE_DEBUG_INFO = NO;
				MTL_FAST_MATH = YES;
				SDKROOT = iphoneos;
				SWIFT_COMPILATION_MODE = wholemodule;
				SWIFT_OPTIMIZATION_LEVEL = "-O";
				VALIDATE_PRODUCT = YES;
				WATCHOS_DEPLOYMENT_TARGET = 10.0;
			};
			name = Release;
		};
		4C1564CE28CD27240017C1AE /* Debug */ = {
			isa = XCBuildConfiguration;
			buildSettings = {
				ASSETCATALOG_COMPILER_APPICON_NAME = AppIcon;
				ASSETCATALOG_COMPILER_GLOBAL_ACCENT_COLOR_NAME = AccentColor;
				CODE_SIGN_ENTITLEMENTS = Akva/Akva.entitlements;
				CODE_SIGN_IDENTITY = "Apple Development";
				CODE_SIGN_STYLE = Automatic;
				CURRENT_PROJECT_VERSION = 1;
				DEVELOPMENT_ASSET_PATHS = "";
				DEVELOPMENT_TEAM = T2HL3ZXJQU;
				ENABLE_PREVIEWS = YES;
				GENERATE_INFOPLIST_FILE = YES;
				INFOPLIST_FILE = Akva/Info.plist;
				INFOPLIST_KEY_CFBundleDisplayName = Akva;
				INFOPLIST_KEY_LSApplicationCategoryType = "public.app-category.healthcare-fitness";
				INFOPLIST_KEY_NSHealthShareUsageDescription = "Akva reads diatery water intake records from Apple Health to show you complete information.";
				INFOPLIST_KEY_NSHealthUpdateUsageDescription = "Akva synchronizes your diatery intake records with Apple Health.";
				INFOPLIST_KEY_UIApplicationSceneManifest_Generation = YES;
				INFOPLIST_KEY_UIApplicationSupportsIndirectInputEvents = YES;
				INFOPLIST_KEY_UILaunchScreen_Generation = YES;
				INFOPLIST_KEY_UIRequiredDeviceCapabilities = healthkit;
				INFOPLIST_KEY_UISupportedInterfaceOrientations = UIInterfaceOrientationPortrait;
				INFOPLIST_KEY_UISupportedInterfaceOrientations_iPad = "UIInterfaceOrientationLandscapeLeft UIInterfaceOrientationLandscapeRight UIInterfaceOrientationPortrait UIInterfaceOrientationPortraitUpsideDown";
				IPHONEOS_DEPLOYMENT_TARGET = 17.0;
				LD_RUNPATH_SEARCH_PATHS = (
					"$(inherited)",
					"@executable_path/Frameworks",
				);
				MARKETING_VERSION = 1.0;
				PRODUCT_BUNDLE_IDENTIFIER = com.gmail.roland.kajatin.Akva;
				PRODUCT_NAME = "$(TARGET_NAME)";
				PROVISIONING_PROFILE_SPECIFIER = "";
				SUPPORTED_PLATFORMS = "iphoneos iphonesimulator";
				SUPPORTS_MACCATALYST = NO;
				SUPPORTS_MAC_DESIGNED_FOR_IPHONE_IPAD = NO;
				SUPPORTS_XR_DESIGNED_FOR_IPHONE_IPAD = NO;
				SWIFT_EMIT_LOC_STRINGS = YES;
				SWIFT_VERSION = 5.0;
				TARGETED_DEVICE_FAMILY = "1,2";
			};
			name = Debug;
		};
		4C1564CF28CD27240017C1AE /* Release */ = {
			isa = XCBuildConfiguration;
			buildSettings = {
				ASSETCATALOG_COMPILER_APPICON_NAME = AppIcon;
				ASSETCATALOG_COMPILER_GLOBAL_ACCENT_COLOR_NAME = AccentColor;
				CODE_SIGN_ENTITLEMENTS = Akva/Akva.entitlements;
				CODE_SIGN_IDENTITY = "Apple Development";
				CODE_SIGN_STYLE = Automatic;
				CURRENT_PROJECT_VERSION = 1;
				DEVELOPMENT_ASSET_PATHS = "";
				DEVELOPMENT_TEAM = T2HL3ZXJQU;
				ENABLE_PREVIEWS = YES;
				GENERATE_INFOPLIST_FILE = YES;
				INFOPLIST_FILE = Akva/Info.plist;
				INFOPLIST_KEY_CFBundleDisplayName = Akva;
				INFOPLIST_KEY_LSApplicationCategoryType = "public.app-category.healthcare-fitness";
				INFOPLIST_KEY_NSHealthShareUsageDescription = "Akva reads diatery water intake records from Apple Health to show you complete information.";
				INFOPLIST_KEY_NSHealthUpdateUsageDescription = "Akva synchronizes your diatery intake records with Apple Health.";
				INFOPLIST_KEY_UIApplicationSceneManifest_Generation = YES;
				INFOPLIST_KEY_UIApplicationSupportsIndirectInputEvents = YES;
				INFOPLIST_KEY_UILaunchScreen_Generation = YES;
				INFOPLIST_KEY_UIRequiredDeviceCapabilities = healthkit;
				INFOPLIST_KEY_UISupportedInterfaceOrientations = UIInterfaceOrientationPortrait;
				INFOPLIST_KEY_UISupportedInterfaceOrientations_iPad = "UIInterfaceOrientationLandscapeLeft UIInterfaceOrientationLandscapeRight UIInterfaceOrientationPortrait UIInterfaceOrientationPortraitUpsideDown";
				IPHONEOS_DEPLOYMENT_TARGET = 17.0;
				LD_RUNPATH_SEARCH_PATHS = (
					"$(inherited)",
					"@executable_path/Frameworks",
				);
				MARKETING_VERSION = 1.0;
				PRODUCT_BUNDLE_IDENTIFIER = com.gmail.roland.kajatin.Akva;
				PRODUCT_NAME = "$(TARGET_NAME)";
				PROVISIONING_PROFILE_SPECIFIER = "";
				SUPPORTED_PLATFORMS = "iphoneos iphonesimulator";
				SUPPORTS_MACCATALYST = NO;
				SUPPORTS_MAC_DESIGNED_FOR_IPHONE_IPAD = NO;
				SUPPORTS_XR_DESIGNED_FOR_IPHONE_IPAD = NO;
				SWIFT_EMIT_LOC_STRINGS = YES;
				SWIFT_VERSION = 5.0;
				TARGETED_DEVICE_FAMILY = "1,2";
			};
			name = Release;
		};
		4C354BD728ECC26800AE37D0 /* Debug */ = {
			isa = XCBuildConfiguration;
			buildSettings = {
				ASSETCATALOG_COMPILER_GLOBAL_ACCENT_COLOR_NAME = AccentColor;
				ASSETCATALOG_COMPILER_WIDGET_BACKGROUND_COLOR_NAME = WidgetBackground;
				CODE_SIGN_ENTITLEMENTS = AkvaWidgetExtension.entitlements;
				CODE_SIGN_STYLE = Automatic;
				CURRENT_PROJECT_VERSION = 1;
				DEVELOPMENT_TEAM = T2HL3ZXJQU;
				GENERATE_INFOPLIST_FILE = YES;
				INFOPLIST_FILE = Widgets/Info.plist;
				INFOPLIST_KEY_CFBundleDisplayName = AkvaWidget;
				INFOPLIST_KEY_NSHumanReadableCopyright = "";
				IPHONEOS_DEPLOYMENT_TARGET = 17.0;
				LD_RUNPATH_SEARCH_PATHS = (
					"$(inherited)",
					"@executable_path/Frameworks",
					"@executable_path/../../Frameworks",
				);
				MARKETING_VERSION = 1.0;
				PRODUCT_BUNDLE_IDENTIFIER = com.gmail.roland.kajatin.Akva.AkvaWidget;
				PRODUCT_NAME = "$(TARGET_NAME)";
				SKIP_INSTALL = YES;
				SUPPORTED_PLATFORMS = "iphoneos iphonesimulator";
				SUPPORTS_MACCATALYST = NO;
				SUPPORTS_MAC_DESIGNED_FOR_IPHONE_IPAD = NO;
				SUPPORTS_XR_DESIGNED_FOR_IPHONE_IPAD = NO;
				SWIFT_EMIT_LOC_STRINGS = YES;
				SWIFT_VERSION = 5.0;
				TARGETED_DEVICE_FAMILY = "1,2";
			};
			name = Debug;
		};
		4C354BD828ECC26800AE37D0 /* Release */ = {
			isa = XCBuildConfiguration;
			buildSettings = {
				ASSETCATALOG_COMPILER_GLOBAL_ACCENT_COLOR_NAME = AccentColor;
				ASSETCATALOG_COMPILER_WIDGET_BACKGROUND_COLOR_NAME = WidgetBackground;
				CODE_SIGN_ENTITLEMENTS = AkvaWidgetExtension.entitlements;
				CODE_SIGN_STYLE = Automatic;
				CURRENT_PROJECT_VERSION = 1;
				DEVELOPMENT_TEAM = T2HL3ZXJQU;
				GENERATE_INFOPLIST_FILE = YES;
				INFOPLIST_FILE = Widgets/Info.plist;
				INFOPLIST_KEY_CFBundleDisplayName = AkvaWidget;
				INFOPLIST_KEY_NSHumanReadableCopyright = "";
				IPHONEOS_DEPLOYMENT_TARGET = 17.0;
				LD_RUNPATH_SEARCH_PATHS = (
					"$(inherited)",
					"@executable_path/Frameworks",
					"@executable_path/../../Frameworks",
				);
				MARKETING_VERSION = 1.0;
				PRODUCT_BUNDLE_IDENTIFIER = com.gmail.roland.kajatin.Akva.AkvaWidget;
				PRODUCT_NAME = "$(TARGET_NAME)";
				SKIP_INSTALL = YES;
				SUPPORTED_PLATFORMS = "iphoneos iphonesimulator";
				SUPPORTS_MACCATALYST = NO;
				SUPPORTS_MAC_DESIGNED_FOR_IPHONE_IPAD = NO;
				SUPPORTS_XR_DESIGNED_FOR_IPHONE_IPAD = NO;
				SWIFT_EMIT_LOC_STRINGS = YES;
				SWIFT_VERSION = 5.0;
				TARGETED_DEVICE_FAMILY = "1,2";
			};
			name = Release;
		};
		4C9878D12A478B4300B25DC2 /* Debug */ = {
			isa = XCBuildConfiguration;
			buildSettings = {
				ASSETCATALOG_COMPILER_GENERATE_SWIFT_ASSET_SYMBOL_EXTENSIONS = YES;
				ASSETCATALOG_COMPILER_GLOBAL_ACCENT_COLOR_NAME = AccentColor;
				ASSETCATALOG_COMPILER_WIDGET_BACKGROUND_COLOR_NAME = WidgetBackground;
				CODE_SIGN_STYLE = Automatic;
				CURRENT_PROJECT_VERSION = 1;
				DEVELOPMENT_TEAM = T2HL3ZXJQU;
				GCC_C_LANGUAGE_STANDARD = gnu17;
				GENERATE_INFOPLIST_FILE = YES;
				INFOPLIST_FILE = WatchWidgets/Info.plist;
				INFOPLIST_KEY_CFBundleDisplayName = WatchWidgets;
				INFOPLIST_KEY_NSHumanReadableCopyright = "";
				LD_RUNPATH_SEARCH_PATHS = (
					"$(inherited)",
					"@executable_path/Frameworks",
					"@executable_path/../../Frameworks",
					"@executable_path/../../../../Frameworks",
				);
				LOCALIZATION_PREFERS_STRING_CATALOGS = YES;
				MARKETING_VERSION = 1.0;
				PRODUCT_BUNDLE_IDENTIFIER = com.gmail.roland.kajatin.Akva.watchkitapp.WatchWidgets;
				PRODUCT_NAME = "$(TARGET_NAME)";
				SDKROOT = watchos;
				SKIP_INSTALL = YES;
				SWIFT_ACTIVE_COMPILATION_CONDITIONS = "DEBUG $(inherited)";
				SWIFT_EMIT_LOC_STRINGS = YES;
				SWIFT_VERSION = 5.0;
				TARGETED_DEVICE_FAMILY = 4;
			};
			name = Debug;
		};
		4C9878D22A478B4300B25DC2 /* Release */ = {
			isa = XCBuildConfiguration;
			buildSettings = {
				ASSETCATALOG_COMPILER_GENERATE_SWIFT_ASSET_SYMBOL_EXTENSIONS = YES;
				ASSETCATALOG_COMPILER_GLOBAL_ACCENT_COLOR_NAME = AccentColor;
				ASSETCATALOG_COMPILER_WIDGET_BACKGROUND_COLOR_NAME = WidgetBackground;
				CODE_SIGN_STYLE = Automatic;
				CURRENT_PROJECT_VERSION = 1;
				DEVELOPMENT_TEAM = T2HL3ZXJQU;
				GCC_C_LANGUAGE_STANDARD = gnu17;
				GENERATE_INFOPLIST_FILE = YES;
				INFOPLIST_FILE = WatchWidgets/Info.plist;
				INFOPLIST_KEY_CFBundleDisplayName = WatchWidgets;
				INFOPLIST_KEY_NSHumanReadableCopyright = "";
				LD_RUNPATH_SEARCH_PATHS = (
					"$(inherited)",
					"@executable_path/Frameworks",
					"@executable_path/../../Frameworks",
					"@executable_path/../../../../Frameworks",
				);
				LOCALIZATION_PREFERS_STRING_CATALOGS = YES;
				MARKETING_VERSION = 1.0;
				PRODUCT_BUNDLE_IDENTIFIER = com.gmail.roland.kajatin.Akva.watchkitapp.WatchWidgets;
				PRODUCT_NAME = "$(TARGET_NAME)";
				SDKROOT = watchos;
				SKIP_INSTALL = YES;
				SWIFT_EMIT_LOC_STRINGS = YES;
				SWIFT_VERSION = 5.0;
				TARGETED_DEVICE_FAMILY = 4;
			};
			name = Release;
		};
		4CE327B9296DFFDF0021B336 /* Debug */ = {
			isa = XCBuildConfiguration;
			buildSettings = {
				ALWAYS_EMBED_SWIFT_STANDARD_LIBRARIES = YES;
				ASSETCATALOG_COMPILER_APPICON_NAME = AppIcon;
				ASSETCATALOG_COMPILER_GLOBAL_ACCENT_COLOR_NAME = AccentColor;
				CODE_SIGN_ENTITLEMENTS = "Watch/Akva Watch App.entitlements";
				CODE_SIGN_STYLE = Automatic;
				CURRENT_PROJECT_VERSION = 1;
				DEVELOPMENT_ASSET_PATHS = "";
				DEVELOPMENT_TEAM = T2HL3ZXJQU;
				ENABLE_PREVIEWS = YES;
				GENERATE_INFOPLIST_FILE = YES;
				INFOPLIST_FILE = "Akva-Watch-App-Info.plist";
				INFOPLIST_KEY_CFBundleDisplayName = Akva;
				INFOPLIST_KEY_LSApplicationCategoryType = "";
				INFOPLIST_KEY_NSHealthShareUsageDescription = "Akva reads diatery water intake records from Apple Health to show you complete information.";
				INFOPLIST_KEY_NSHealthUpdateUsageDescription = "Akva synchronizes your diatery intake records with Apple Health.";
				INFOPLIST_KEY_UISupportedInterfaceOrientations = "UIInterfaceOrientationPortrait UIInterfaceOrientationPortraitUpsideDown";
				INFOPLIST_KEY_WKCompanionAppBundleIdentifier = com.gmail.roland.kajatin.Akva;
				INFOPLIST_KEY_WKRunsIndependentlyOfCompanionApp = YES;
				LD_RUNPATH_SEARCH_PATHS = (
					"$(inherited)",
					"@executable_path/Frameworks",
				);
				MARKETING_VERSION = 1.0;
				PRODUCT_BUNDLE_IDENTIFIER = com.gmail.roland.kajatin.Akva.watchkitapp;
				PRODUCT_NAME = "$(TARGET_NAME)";
				SDKROOT = watchos;
				SKIP_INSTALL = YES;
				SWIFT_EMIT_LOC_STRINGS = YES;
				SWIFT_VERSION = 5.0;
				TARGETED_DEVICE_FAMILY = 4;
				WATCHOS_DEPLOYMENT_TARGET = 10.0;
			};
			name = Debug;
		};
		4CE327BA296DFFDF0021B336 /* Release */ = {
			isa = XCBuildConfiguration;
			buildSettings = {
				ALWAYS_EMBED_SWIFT_STANDARD_LIBRARIES = YES;
				ASSETCATALOG_COMPILER_APPICON_NAME = AppIcon;
				ASSETCATALOG_COMPILER_GLOBAL_ACCENT_COLOR_NAME = AccentColor;
				CODE_SIGN_ENTITLEMENTS = "Watch/Akva Watch App.entitlements";
				CODE_SIGN_STYLE = Automatic;
				CURRENT_PROJECT_VERSION = 1;
				DEVELOPMENT_ASSET_PATHS = "";
				DEVELOPMENT_TEAM = T2HL3ZXJQU;
				ENABLE_PREVIEWS = YES;
				GENERATE_INFOPLIST_FILE = YES;
				INFOPLIST_FILE = "Akva-Watch-App-Info.plist";
				INFOPLIST_KEY_CFBundleDisplayName = Akva;
				INFOPLIST_KEY_LSApplicationCategoryType = "";
				INFOPLIST_KEY_NSHealthShareUsageDescription = "Akva reads diatery water intake records from Apple Health to show you complete information.";
				INFOPLIST_KEY_NSHealthUpdateUsageDescription = "Akva synchronizes your diatery intake records with Apple Health.";
				INFOPLIST_KEY_UISupportedInterfaceOrientations = "UIInterfaceOrientationPortrait UIInterfaceOrientationPortraitUpsideDown";
				INFOPLIST_KEY_WKCompanionAppBundleIdentifier = com.gmail.roland.kajatin.Akva;
				INFOPLIST_KEY_WKRunsIndependentlyOfCompanionApp = YES;
				LD_RUNPATH_SEARCH_PATHS = (
					"$(inherited)",
					"@executable_path/Frameworks",
				);
				MARKETING_VERSION = 1.0;
				PRODUCT_BUNDLE_IDENTIFIER = com.gmail.roland.kajatin.Akva.watchkitapp;
				PRODUCT_NAME = "$(TARGET_NAME)";
				SDKROOT = watchos;
				SKIP_INSTALL = YES;
				SWIFT_EMIT_LOC_STRINGS = YES;
				SWIFT_VERSION = 5.0;
				TARGETED_DEVICE_FAMILY = 4;
				WATCHOS_DEPLOYMENT_TARGET = 10.0;
			};
			name = Release;
		};
/* End XCBuildConfiguration section */

/* Begin XCConfigurationList section */
		4C1564BA28CD27230017C1AE /* Build configuration list for PBXProject "Akva" */ = {
			isa = XCConfigurationList;
			buildConfigurations = (
				4C1564CB28CD27240017C1AE /* Debug */,
				4C1564CC28CD27240017C1AE /* Release */,
			);
			defaultConfigurationIsVisible = 0;
			defaultConfigurationName = Release;
		};
		4C1564CD28CD27240017C1AE /* Build configuration list for PBXNativeTarget "Akva" */ = {
			isa = XCConfigurationList;
			buildConfigurations = (
				4C1564CE28CD27240017C1AE /* Debug */,
				4C1564CF28CD27240017C1AE /* Release */,
			);
			defaultConfigurationIsVisible = 0;
			defaultConfigurationName = Release;
		};
		4C354BD628ECC26800AE37D0 /* Build configuration list for PBXNativeTarget "AkvaWidgetExtension" */ = {
			isa = XCConfigurationList;
			buildConfigurations = (
				4C354BD728ECC26800AE37D0 /* Debug */,
				4C354BD828ECC26800AE37D0 /* Release */,
			);
			defaultConfigurationIsVisible = 0;
			defaultConfigurationName = Release;
		};
		4C9878D02A478B4300B25DC2 /* Build configuration list for PBXNativeTarget "WatchWidgetsExtension" */ = {
			isa = XCConfigurationList;
			buildConfigurations = (
				4C9878D12A478B4300B25DC2 /* Debug */,
				4C9878D22A478B4300B25DC2 /* Release */,
			);
			defaultConfigurationIsVisible = 0;
			defaultConfigurationName = Release;
		};
		4CE327B8296DFFDF0021B336 /* Build configuration list for PBXNativeTarget "Akva Watch App" */ = {
			isa = XCConfigurationList;
			buildConfigurations = (
				4CE327B9296DFFDF0021B336 /* Debug */,
				4CE327BA296DFFDF0021B336 /* Release */,
			);
			defaultConfigurationIsVisible = 0;
			defaultConfigurationName = Release;
		};
/* End XCConfigurationList section */

/* Begin XCSwiftPackageProductDependency section */
		4C2854952A32752D00971889 /* DiateryWaterData */ = {
			isa = XCSwiftPackageProductDependency;
			productName = DiateryWaterData;
		};
		4C4819A42A3A55F000DA0E5D /* DiateryWaterData */ = {
			isa = XCSwiftPackageProductDependency;
			productName = DiateryWaterData;
		};
		4C768E8D2A3CF9D7000D21CC /* DiateryWaterData */ = {
			isa = XCSwiftPackageProductDependency;
			productName = DiateryWaterData;
		};
		4C9878D32A478BC100B25DC2 /* DiateryWaterData */ = {
			isa = XCSwiftPackageProductDependency;
			productName = DiateryWaterData;
		};
/* End XCSwiftPackageProductDependency section */
	};
	rootObject = 4C1564B728CD27230017C1AE /* Project object */;
}
